// !$*UTF8*$!
{
	archiveVersion = 1;
	classes = {
	};
	objectVersion = 77;
	objects = {

/* Begin PBXContainerItemProxy section */
		F20873C82E1F73DD00488653 /* PBXContainerItemProxy */ = {
			isa = PBXContainerItemProxy;
			containerPortal = F20873AF2E1F73DC00488653 /* Project object */;
			proxyType = 1;
			remoteGlobalIDString = F20873B62E1F73DC00488653;
			remoteInfo = DraftBallMazeGame;
		};
		F20873D22E1F73DD00488653 /* PBXContainerItemProxy */ = {
			isa = PBXContainerItemProxy;
			containerPortal = F20873AF2E1F73DC00488653 /* Project object */;
			proxyType = 1;
			remoteGlobalIDString = F20873B62E1F73DC00488653;
			remoteInfo = DraftBallMazeGame;
		};
/* End PBXContainerItemProxy section */

/* Begin PBXFileReference section */
		F20873B72E1F73DC00488653 /* DraftBallMazeGame.app */ = {isa = PBXFileReference; explicitFileType = wrapper.application; includeInIndex = 0; path = DraftBallMazeGame.app; sourceTree = BUILT_PRODUCTS_DIR; };
		F20873C72E1F73DD00488653 /* DraftBallMazeGameTests.xctest */ = {isa = PBXFileReference; explicitFileType = wrapper.cfbundle; includeInIndex = 0; path = DraftBallMazeGameTests.xctest; sourceTree = BUILT_PRODUCTS_DIR; };
		F20873D12E1F73DD00488653 /* DraftBallMazeGameUITests.xctest */ = {isa = PBXFileReference; explicitFileType = wrapper.cfbundle; includeInIndex = 0; path = DraftBallMazeGameUITests.xctest; sourceTree = BUILT_PRODUCTS_DIR; };
/* End PBXFileReference section */

/* Begin PBXFileSystemSynchronizedRootGroup section */
		F20873B92E1F73DC00488653 /* DraftBallMazeGame */ = {
			isa = PBXFileSystemSynchronizedRootGroup;
			path = DraftBallMazeGame;
			sourceTree = "<group>";
		};
		F20873CA2E1F73DD00488653 /* DraftBallMazeGameTests */ = {
			isa = PBXFileSystemSynchronizedRootGroup;
			path = DraftBallMazeGameTests;
			sourceTree = "<group>";
		};
		F20873D42E1F73DD00488653 /* DraftBallMazeGameUITests */ = {
			isa = PBXFileSystemSynchronizedRootGroup;
			path = DraftBallMazeGameUITests;
			sourceTree = "<group>";
		};
/* End PBXFileSystemSynchronizedRootGroup section */

/* Begin PBXFrameworksBuildPhase section */
		F20873B42E1F73DC00488653 /* Frameworks */ = {
			isa = PBXFrameworksBuildPhase;
			buildActionMask = 2147483647;
			files = (
			);
			runOnlyForDeploymentPostprocessing = 0;
		};
		F20873C42E1F73DD00488653 /* Frameworks */ = {
			isa = PBXFrameworksBuildPhase;
			buildActionMask = 2147483647;
			files = (
			);
			runOnlyForDeploymentPostprocessing = 0;
		};
		F20873CE2E1F73DD00488653 /* Frameworks */ = {
			isa = PBXFrameworksBuildPhase;
			buildActionMask = 2147483647;
			files = (
			);
			runOnlyForDeploymentPostprocessing = 0;
		};
/* End PBXFrameworksBuildPhase section */

/* Begin PBXGroup section */
		F20873AE2E1F73DC00488653 = {
			isa = PBXGroup;
			children = (
				F20873B92E1F73DC00488653 /* DraftBallMazeGame */,
				F20873CA2E1F73DD00488653 /* DraftBallMazeGameTests */,
				F20873D42E1F73DD00488653 /* DraftBallMazeGameUITests */,
				F20873B82E1F73DC00488653 /* Products */,
			);
			sourceTree = "<group>";
		};
		F20873B82E1F73DC00488653 /* Products */ = {
			isa = PBXGroup;
			children = (
				F20873B72E1F73DC00488653 /* DraftBallMazeGame.app */,
				F20873C72E1F73DD00488653 /* DraftBallMazeGameTests.xctest */,
				F20873D12E1F73DD00488653 /* DraftBallMazeGameUITests.xctest */,
			);
			name = Products;
			sourceTree = "<group>";
		};
/* End PBXGroup section */

/* Begin PBXNativeTarget section */
		F20873B62E1F73DC00488653 /* DraftBallMazeGame */ = {
			isa = PBXNativeTarget;
			buildConfigurationList = F20873DB2E1F73DD00488653 /* Build configuration list for PBXNativeTarget "DraftBallMazeGame" */;
			buildPhases = (
				F20873B32E1F73DC00488653 /* Sources */,
				F20873B42E1F73DC00488653 /* Frameworks */,
				F20873B52E1F73DC00488653 /* Resources */,
			);
			buildRules = (
			);
			dependencies = (
			);
			fileSystemSynchronizedGroups = (
				F20873B92E1F73DC00488653 /* DraftBallMazeGame */,
			);
			name = DraftBallMazeGame;
			packageProductDependencies = (
			);
			productName = DraftBallMazeGame;
			productReference = F20873B72E1F73DC00488653 /* DraftBallMazeGame.app */;
			productType = "com.apple.product-type.application";
		};
		F20873C62E1F73DD00488653 /* DraftBallMazeGameTests */ = {
			isa = PBXNativeTarget;
			buildConfigurationList = F20873DE2E1F73DD00488653 /* Build configuration list for PBXNativeTarget "DraftBallMazeGameTests" */;
			buildPhases = (
				F20873C32E1F73DD00488653 /* Sources */,
				F20873C42E1F73DD00488653 /* Frameworks */,
				F20873C52E1F73DD00488653 /* Resources */,
			);
			buildRules = (
			);
			dependencies = (
				F20873C92E1F73DD00488653 /* PBXTargetDependency */,
			);
			fileSystemSynchronizedGroups = (
				F20873CA2E1F73DD00488653 /* DraftBallMazeGameTests */,
			);
			name = DraftBallMazeGameTests;
			packageProductDependencies = (
			);
			productName = DraftBallMazeGameTests;
			productReference = F20873C72E1F73DD00488653 /* DraftBallMazeGameTests.xctest */;
			productType = "com.apple.product-type.bundle.unit-test";
		};
		F20873D02E1F73DD00488653 /* DraftBallMazeGameUITests */ = {
			isa = PBXNativeTarget;
			buildConfigurationList = F20873E12E1F73DD00488653 /* Build configuration list for PBXNativeTarget "DraftBallMazeGameUITests" */;
			buildPhases = (
				F20873CD2E1F73DD00488653 /* Sources */,
				F20873CE2E1F73DD00488653 /* Frameworks */,
				F20873CF2E1F73DD00488653 /* Resources */,
			);
			buildRules = (
			);
			dependencies = (
				F20873D32E1F73DD00488653 /* PBXTargetDependency */,
			);
			fileSystemSynchronizedGroups = (
				F20873D42E1F73DD00488653 /* DraftBallMazeGameUITests */,
			);
			name = DraftBallMazeGameUITests;
			packageProductDependencies = (
			);
			productName = DraftBallMazeGameUITests;
			productReference = F20873D12E1F73DD00488653 /* DraftBallMazeGameUITests.xctest */;
			productType = "com.apple.product-type.bundle.ui-testing";
		};
/* End PBXNativeTarget section */

/* Begin PBXProject section */
		F20873AF2E1F73DC00488653 /* Project object */ = {
			isa = PBXProject;
			attributes = {
				BuildIndependentTargetsInParallel = 1;
				LastSwiftUpdateCheck = 1620;
				LastUpgradeCheck = 1620;
				TargetAttributes = {
					F20873B62E1F73DC00488653 = {
						CreatedOnToolsVersion = 16.2;
					};
					F20873C62E1F73DD00488653 = {
						CreatedOnToolsVersion = 16.2;
						TestTargetID = F20873B62E1F73DC00488653;
					};
					F20873D02E1F73DD00488653 = {
						CreatedOnToolsVersion = 16.2;
						TestTargetID = F20873B62E1F73DC00488653;
					};
				};
			};
			buildConfigurationList = F20873B22E1F73DC00488653 /* Build configuration list for PBXProject "DraftBallMazeGame" */;
			developmentRegion = en;
			hasScannedForEncodings = 0;
			knownRegions = (
				en,
				Base,
			);
			mainGroup = F20873AE2E1F73DC00488653;
			minimizedProjectReferenceProxies = 1;
			preferredProjectObjectVersion = 77;
			productRefGroup = F20873B82E1F73DC00488653 /* Products */;
			projectDirPath = "";
			projectRoot = "";
			targets = (
				F20873B62E1F73DC00488653 /* DraftBallMazeGame */,
				F20873C62E1F73DD00488653 /* DraftBallMazeGameTests */,
				F20873D02E1F73DD00488653 /* DraftBallMazeGameUITests */,
			);
		};
/* End PBXProject section */

/* Begin PBXResourcesBuildPhase section */
		F20873B52E1F73DC00488653 /* Resources */ = {
			isa = PBXResourcesBuildPhase;
			buildActionMask = 2147483647;
			files = (
			);
			runOnlyForDeploymentPostprocessing = 0;
		};
		F20873C52E1F73DD00488653 /* Resources */ = {
			isa = PBXResourcesBuildPhase;
			buildActionMask = 2147483647;
			files = (
			);
			runOnlyForDeploymentPostprocessing = 0;
		};
		F20873CF2E1F73DD00488653 /* Resources */ = {
			isa = PBXResourcesBuildPhase;
			buildActionMask = 2147483647;
			files = (
			);
			runOnlyForDeploymentPostprocessing = 0;
		};
/* End PBXResourcesBuildPhase section */

/* Begin PBXSourcesBuildPhase section */
		F20873B32E1F73DC00488653 /* Sources */ = {
			isa = PBXSourcesBuildPhase;
			buildActionMask = 2147483647;
			files = (
			);
			runOnlyForDeploymentPostprocessing = 0;
		};
		F20873C32E1F73DD00488653 /* Sources */ = {
			isa = PBXSourcesBuildPhase;
			buildActionMask = 2147483647;
			files = (
			);
			runOnlyForDeploymentPostprocessing = 0;
		};
		F20873CD2E1F73DD00488653 /* Sources */ = {
			isa = PBXSourcesBuildPhase;
			buildActionMask = 2147483647;
			files = (
			);
			runOnlyForDeploymentPostprocessing = 0;
		};
/* End PBXSourcesBuildPhase section */

/* Begin PBXTargetDependency section */
		F20873C92E1F73DD00488653 /* PBXTargetDependency */ = {
			isa = PBXTargetDependency;
			target = F20873B62E1F73DC00488653 /* DraftBallMazeGame */;
			targetProxy = F20873C82E1F73DD00488653 /* PBXContainerItemProxy */;
		};
		F20873D32E1F73DD00488653 /* PBXTargetDependency */ = {
			isa = PBXTargetDependency;
			target = F20873B62E1F73DC00488653 /* DraftBallMazeGame */;
			targetProxy = F20873D22E1F73DD00488653 /* PBXContainerItemProxy */;
		};
/* End PBXTargetDependency section */

/* Begin XCBuildConfiguration section */
		F20873D92E1F73DD00488653 /* Debug */ = {
			isa = XCBuildConfiguration;
			buildSettings = {
				ALWAYS_SEARCH_USER_PATHS = NO;
				ASSETCATALOG_COMPILER_GENERATE_SWIFT_ASSET_SYMBOL_EXTENSIONS = YES;
				CLANG_ANALYZER_NONNULL = YES;
				CLANG_ANALYZER_NUMBER_OBJECT_CONVERSION = YES_AGGRESSIVE;
				CLANG_CXX_LANGUAGE_STANDARD = "gnu++20";
				CLANG_ENABLE_MODULES = YES;
				CLANG_ENABLE_OBJC_ARC = YES;
				CLANG_ENABLE_OBJC_WEAK = YES;
				CLANG_WARN_BLOCK_CAPTURE_AUTORELEASING = YES;
				CLANG_WARN_BOOL_CONVERSION = YES;
				CLANG_WARN_COMMA = YES;
				CLANG_WARN_CONSTANT_CONVERSION = YES;
				CLANG_WARN_DEPRECATED_OBJC_IMPLEMENTATIONS = YES;
				CLANG_WARN_DIRECT_OBJC_ISA_USAGE = YES_ERROR;
				CLANG_WARN_DOCUMENTATION_COMMENTS = YES;
				CLANG_WARN_EMPTY_BODY = YES;
				CLANG_WARN_ENUM_CONVERSION = YES;
				CLANG_WARN_INFINITE_RECURSION = YES;
				CLANG_WARN_INT_CONVERSION = YES;
				CLANG_WARN_NON_LITERAL_NULL_CONVERSION = YES;
				CLANG_WARN_OBJC_IMPLICIT_RETAIN_SELF = YES;
				CLANG_WARN_OBJC_LITERAL_CONVERSION = YES;
				CLANG_WARN_OBJC_ROOT_CLASS = YES_ERROR;
				CLANG_WARN_QUOTED_INCLUDE_IN_FRAMEWORK_HEADER = YES;
				CLANG_WARN_RANGE_LOOP_ANALYSIS = YES;
				CLANG_WARN_STRICT_PROTOTYPES = YES;
				CLANG_WARN_SUSPICIOUS_MOVE = YES;
				CLANG_WARN_UNGUARDED_AVAILABILITY = YES_AGGRESSIVE;
				CLANG_WARN_UNREACHABLE_CODE = YES;
				CLANG_WARN__DUPLICATE_METHOD_MATCH = YES;
				COPY_PHASE_STRIP = NO;
				DEBUG_INFORMATION_FORMAT = dwarf;
				ENABLE_STRICT_OBJC_MSGSEND = YES;
				ENABLE_TESTABILITY = YES;
				ENABLE_USER_SCRIPT_SANDBOXING = YES;
				GCC_C_LANGUAGE_STANDARD = gnu17;
				GCC_DYNAMIC_NO_PIC = NO;
				GCC_NO_COMMON_BLOCKS = YES;
				GCC_OPTIMIZATION_LEVEL = 0;
				GCC_PREPROCESSOR_DEFINITIONS = (
					"DEBUG=1",
					"$(inherited)",
				);
				GCC_WARN_64_TO_32_BIT_CONVERSION = YES;
				GCC_WARN_ABOUT_RETURN_TYPE = YES_ERROR;
				GCC_WARN_UNDECLARED_SELECTOR = YES;
				GCC_WARN_UNINITIALIZED_AUTOS = YES_AGGRESSIVE;
				GCC_WARN_UNUSED_FUNCTION = YES;
				GCC_WARN_UNUSED_VARIABLE = YES;
				IPHONEOS_DEPLOYMENT_TARGET = 18.2;
				LOCALIZATION_PREFERS_STRING_CATALOGS = YES;
				MTL_ENABLE_DEBUG_INFO = INCLUDE_SOURCE;
				MTL_FAST_MATH = YES;
				ONLY_ACTIVE_ARCH = YES;
				SDKROOT = iphoneos;
				SWIFT_ACTIVE_COMPILATION_CONDITIONS = "DEBUG $(inherited)";
				SWIFT_OPTIMIZATION_LEVEL = "-Onone";
			};
			name = Debug;
		};
		F20873DA2E1F73DD00488653 /* Release */ = {
			isa = XCBuildConfiguration;
			buildSettings = {
				ALWAYS_SEARCH_USER_PATHS = NO;
				ASSETCATALOG_COMPILER_GENERATE_SWIFT_ASSET_SYMBOL_EXTENSIONS = YES;
				CLANG_ANALYZER_NONNULL = YES;
				CLANG_ANALYZER_NUMBER_OBJECT_CONVERSION = YES_AGGRESSIVE;
				CLANG_CXX_LANGUAGE_STANDARD = "gnu++20";
				CLANG_ENABLE_MODULES = YES;
				CLANG_ENABLE_OBJC_ARC = YES;
				CLANG_ENABLE_OBJC_WEAK = YES;
				CLANG_WARN_BLOCK_CAPTURE_AUTORELEASING = YES;
				CLANG_WARN_BOOL_CONVERSION = YES;
				CLANG_WARN_COMMA = YES;
				CLANG_WARN_CONSTANT_CONVERSION = YES;
				CLANG_WARN_DEPRECATED_OBJC_IMPLEMENTATIONS = YES;
				CLANG_WARN_DIRECT_OBJC_ISA_USAGE = YES_ERROR;
				CLANG_WARN_DOCUMENTATION_COMMENTS = YES;
				CLANG_WARN_EMPTY_BODY = YES;
				CLANG_WARN_ENUM_CONVERSION = YES;
				CLANG_WARN_INFINITE_RECURSION = YES;
				CLANG_WARN_INT_CONVERSION = YES;
				CLANG_WARN_NON_LITERAL_NULL_CONVERSION = YES;
				CLANG_WARN_OBJC_IMPLICIT_RETAIN_SELF = YES;
				CLANG_WARN_OBJC_LITERAL_CONVERSION = YES;
				CLANG_WARN_OBJC_ROOT_CLASS = YES_ERROR;
				CLANG_WARN_QUOTED_INCLUDE_IN_FRAMEWORK_HEADER = YES;
				CLANG_WARN_RANGE_LOOP_ANALYSIS = YES;
				CLANG_WARN_STRICT_PROTOTYPES = YES;
				CLANG_WARN_SUSPICIOUS_MOVE = YES;
				CLANG_WARN_UNGUARDED_AVAILABILITY = YES_AGGRESSIVE;
				CLANG_WARN_UNREACHABLE_CODE = YES;
				CLANG_WARN__DUPLICATE_METHOD_MATCH = YES;
				COPY_PHASE_STRIP = NO;
				DEBUG_INFORMATION_FORMAT = "dwarf-with-dsym";
				ENABLE_NS_ASSERTIONS = NO;
				ENABLE_STRICT_OBJC_MSGSEND = YES;
				ENABLE_USER_SCRIPT_SANDBOXING = YES;
				GCC_C_LANGUAGE_STANDARD = gnu17;
				GCC_NO_COMMON_BLOCKS = YES;
				GCC_WARN_64_TO_32_BIT_CONVERSION = YES;
				GCC_WARN_ABOUT_RETURN_TYPE = YES_ERROR;
				GCC_WARN_UNDECLARED_SELECTOR = YES;
				GCC_WARN_UNINITIALIZED_AUTOS = YES_AGGRESSIVE;
				GCC_WARN_UNUSED_FUNCTION = YES;
				GCC_WARN_UNUSED_VARIABLE = YES;
				IPHONEOS_DEPLOYMENT_TARGET = 18.2;
				LOCALIZATION_PREFERS_STRING_CATALOGS = YES;
				MTL_ENABLE_DEBUG_INFO = NO;
				MTL_FAST_MATH = YES;
				SDKROOT = iphoneos;
				SWIFT_COMPILATION_MODE = wholemodule;
				VALIDATE_PRODUCT = YES;
			};
			name = Release;
		};
		F20873DC2E1F73DD00488653 /* Debug */ = {
			isa = XCBuildConfiguration;
			buildSettings = {
				ASSETCATALOG_COMPILER_APPICON_NAME = AppIcon;
				ASSETCATALOG_COMPILER_GLOBAL_ACCENT_COLOR_NAME = AccentColor;
				CODE_SIGN_STYLE = Automatic;
				CURRENT_PROJECT_VERSION = 1;
				DEVELOPMENT_ASSET_PATHS = "\"DraftBallMazeGame/Preview Content\"";
				DEVELOPMENT_TEAM = RP5526BVLK;
				ENABLE_PREVIEWS = YES;
				GENERATE_INFOPLIST_FILE = YES;
				INFOPLIST_KEY_UIApplicationSceneManifest_Generation = YES;
				INFOPLIST_KEY_UIApplicationSupportsIndirectInputEvents = YES;
				INFOPLIST_KEY_UILaunchScreen_Generation = YES;
				INFOPLIST_KEY_UISupportedInterfaceOrientations_iPad = "UIInterfaceOrientationPortrait UIInterfaceOrientationPortraitUpsideDown UIInterfaceOrientationLandscapeLeft UIInterfaceOrientationLandscapeRight";
				INFOPLIST_KEY_UISupportedInterfaceOrientations_iPhone = "UIInterfaceOrientationPortrait UIInterfaceOrientationLandscapeLeft UIInterfaceOrientationLandscapeRight";
				LD_RUNPATH_SEARCH_PATHS = (
					"$(inherited)",
					"@executable_path/Frameworks",
				);
				MARKETING_VERSION = 1.0;
				PRODUCT_BUNDLE_IDENTIFIER = personal.DraftBallMazeGame;
				PRODUCT_NAME = "$(TARGET_NAME)";
				SWIFT_EMIT_LOC_STRINGS = YES;
				SWIFT_VERSION = 5.0;
				TARGETED_DEVICE_FAMILY = "1,2";
			};
			name = Debug;
		};
		F20873DD2E1F73DD00488653 /* Release */ = {
			isa = XCBuildConfiguration;
			buildSettings = {
				ASSETCATALOG_COMPILER_APPICON_NAME = AppIcon;
				ASSETCATALOG_COMPILER_GLOBAL_ACCENT_COLOR_NAME = AccentColor;
				CODE_SIGN_STYLE = Automatic;
				CURRENT_PROJECT_VERSION = 1;
				DEVELOPMENT_ASSET_PATHS = "\"DraftBallMazeGame/Preview Content\"";
				DEVELOPMENT_TEAM = RP5526BVLK;
				ENABLE_PREVIEWS = YES;
				GENERATE_INFOPLIST_FILE = YES;
				INFOPLIST_KEY_UIApplicationSceneManifest_Generation = YES;
				INFOPLIST_KEY_UIApplicationSupportsIndirectInputEvents = YES;
				INFOPLIST_KEY_UILaunchScreen_Generation = YES;
				INFOPLIST_KEY_UISupportedInterfaceOrientations_iPad = "UIInterfaceOrientationPortrait UIInterfaceOrientationPortraitUpsideDown UIInterfaceOrientationLandscapeLeft UIInterfaceOrientationLandscapeRight";
				INFOPLIST_KEY_UISupportedInterfaceOrientations_iPhone = "UIInterfaceOrientationPortrait UIInterfaceOrientationLandscapeLeft UIInterfaceOrientationLandscapeRight";
				LD_RUNPATH_SEARCH_PATHS = (
					"$(inherited)",
					"@executable_path/Frameworks",
				);
				MARKETING_VERSION = 1.0;
				PRODUCT_BUNDLE_IDENTIFIER = personal.DraftBallMazeGame;
				PRODUCT_NAME = "$(TARGET_NAME)";
				SWIFT_EMIT_LOC_STRINGS = YES;
				SWIFT_VERSION = 5.0;
				TARGETED_DEVICE_FAMILY = "1,2";
			};
			name = Release;
		};
		F20873DF2E1F73DD00488653 /* Debug */ = {
			isa = XCBuildConfiguration;
			buildSettings = {
				BUNDLE_LOADER = "$(TEST_HOST)";
				CODE_SIGN_STYLE = Automatic;
				CURRENT_PROJECT_VERSION = 1;
				DEVELOPMENT_TEAM = RP5526BVLK;
				GENERATE_INFOPLIST_FILE = YES;
				IPHONEOS_DEPLOYMENT_TARGET = 18.2;
				MARKETING_VERSION = 1.0;
				PRODUCT_BUNDLE_IDENTIFIER = personal.DraftBallMazeGameTests;
				PRODUCT_NAME = "$(TARGET_NAME)";
				SWIFT_EMIT_LOC_STRINGS = NO;
				SWIFT_VERSION = 5.0;
				TARGETED_DEVICE_FAMILY = "1,2";
				TEST_HOST = "$(BUILT_PRODUCTS_DIR)/DraftBallMazeGame.app/$(BUNDLE_EXECUTABLE_FOLDER_PATH)/DraftBallMazeGame";
			};
			name = Debug;
		};
		F20873E02E1F73DD00488653 /* Release */ = {
			isa = XCBuildConfiguration;
			buildSettings = {
				BUNDLE_LOADER = "$(TEST_HOST)";
				CODE_SIGN_STYLE = Automatic;
				CURRENT_PROJECT_VERSION = 1;
				DEVELOPMENT_TEAM = RP5526BVLK;
				GENERATE_INFOPLIST_FILE = YES;
				IPHONEOS_DEPLOYMENT_TARGET = 18.2;
				MARKETING_VERSION = 1.0;
				PRODUCT_BUNDLE_IDENTIFIER = personal.DraftBallMazeGameTests;
				PRODUCT_NAME = "$(TARGET_NAME)";
				SWIFT_EMIT_LOC_STRINGS = NO;
				SWIFT_VERSION = 5.0;
				TARGETED_DEVICE_FAMILY = "1,2";
				TEST_HOST = "$(BUILT_PRODUCTS_DIR)/DraftBallMazeGame.app/$(BUNDLE_EXECUTABLE_FOLDER_PATH)/DraftBallMazeGame";
			};
			name = Release;
		};
		F20873E22E1F73DD00488653 /* Debug */ = {
			isa = XCBuildConfiguration;
			buildSettings = {
				CODE_SIGN_STYLE = Automatic;
				CURRENT_PROJECT_VERSION = 1;
				DEVELOPMENT_TEAM = RP5526BVLK;
				GENERATE_INFOPLIST_FILE = YES;
				MARKETING_VERSION = 1.0;
				PRODUCT_BUNDLE_IDENTIFIER = personal.DraftBallMazeGameUITests;
				PRODUCT_NAME = "$(TARGET_NAME)";
				SWIFT_EMIT_LOC_STRINGS = NO;
				SWIFT_VERSION = 5.0;
				TARGETED_DEVICE_FAMILY = "1,2";
				TEST_TARGET_NAME = DraftBallMazeGame;
			};
			name = Debug;
		};
		F20873E32E1F73DD00488653 /* Release */ = {
			isa = XCBuildConfiguration;
			buildSettings = {
				CODE_SIGN_STYLE = Automatic;
				CURRENT_PROJECT_VERSION = 1;
				DEVELOPMENT_TEAM = RP5526BVLK;
				GENERATE_INFOPLIST_FILE = YES;
				MARKETING_VERSION = 1.0;
				PRODUCT_BUNDLE_IDENTIFIER = personal.DraftBallMazeGameUITests;
				PRODUCT_NAME = "$(TARGET_NAME)";
				SWIFT_EMIT_LOC_STRINGS = NO;
				SWIFT_VERSION = 5.0;
				TARGETED_DEVICE_FAMILY = "1,2";
				TEST_TARGET_NAME = DraftBallMazeGame;
			};
			name = Release;
		};
/* End XCBuildConfiguration section */

/* Begin XCConfigurationList section */
		F20873B22E1F73DC00488653 /* Build configuration list for PBXProject "DraftBallMazeGame" */ = {
			isa = XCConfigurationList;
			buildConfigurations = (
				F20873D92E1F73DD00488653 /* Debug */,
				F20873DA2E1F73DD00488653 /* Release */,
			);
			defaultConfigurationIsVisible = 0;
			defaultConfigurationName = Release;
		};
		F20873DB2E1F73DD00488653 /* Build configuration list for PBXNativeTarget "DraftBallMazeGame" */ = {
			isa = XCConfigurationList;
			buildConfigurations = (
				F20873DC2E1F73DD00488653 /* Debug */,
				F20873DD2E1F73DD00488653 /* Release */,
			);
			defaultConfigurationIsVisible = 0;
			defaultConfigurationName = Release;
		};
		F20873DE2E1F73DD00488653 /* Build configuration list for PBXNativeTarget "DraftBallMazeGameTests" */ = {
			isa = XCConfigurationList;
			buildConfigurations = (
				F20873DF2E1F73DD00488653 /* Debug */,
				F20873E02E1F73DD00488653 /* Release */,
			);
			defaultConfigurationIsVisible = 0;
			defaultConfigurationName = Release;
		};
		F20873E12E1F73DD00488653 /* Build configuration list for PBXNativeTarget "DraftBallMazeGameUITests" */ = {
			isa = XCConfigurationList;
			buildConfigurations = (
				F20873E22E1F73DD00488653 /* Debug */,
				F20873E32E1F73DD00488653 /* Release */,
			);
			defaultConfigurationIsVisible = 0;
			defaultConfigurationName = Release;
		};
/* End XCConfigurationList section */
	};
	rootObject = F20873AF2E1F73DC00488653 /* Project object */;
}
